// !$*UTF8*$!
{
	archiveVersion = 1;
	classes = {
	};
	objectVersion = 56;
	objects = {

/* Begin PBXBuildFile section */
		698E95D62C02E3B900E4A905 /* contentView.swift in Sources */ = {isa = PBXBuildFile; fileRef = 698E95D52C02E3B900E4A905 /* contentView.swift */; };
		698E95D82C02E5FA00E4A905 /* titleView.swift in Sources */ = {isa = PBXBuildFile; fileRef = 698E95D72C02E5FA00E4A905 /* titleView.swift */; };
		698E95DF2C02EA0000E4A905 /* timerView.swift in Sources */ = {isa = PBXBuildFile; fileRef = 698E95DE2C02EA0000E4A905 /* timerView.swift */; };
		698E95E12C02EA4100E4A905 /* settingsView.swift in Sources */ = {isa = PBXBuildFile; fileRef = 698E95E02C02EA4100E4A905 /* settingsView.swift */; };
		698E95E62C036F3000E4A905 /* timeInfo.swift in Sources */ = {isa = PBXBuildFile; fileRef = 698E95E52C036F3000E4A905 /* timeInfo.swift */; };
		69DE045F2C00FB3300649C7A /* pomodoroApp.swift in Sources */ = {isa = PBXBuildFile; fileRef = 69DE045E2C00FB3300649C7A /* pomodoroApp.swift */; };
		69DE04632C00FB3500649C7A /* Assets.xcassets in Resources */ = {isa = PBXBuildFile; fileRef = 69DE04622C00FB3500649C7A /* Assets.xcassets */; };
		69DE04662C00FB3500649C7A /* Preview Assets.xcassets in Resources */ = {isa = PBXBuildFile; fileRef = 69DE04652C00FB3500649C7A /* Preview Assets.xcassets */; };
		69DE04712C00FB3500649C7A /* pomodoroTests.swift in Sources */ = {isa = PBXBuildFile; fileRef = 69DE04702C00FB3500649C7A /* pomodoroTests.swift */; };
		69DE047B2C00FB3500649C7A /* pomodoroUITests.swift in Sources */ = {isa = PBXBuildFile; fileRef = 69DE047A2C00FB3500649C7A /* pomodoroUITests.swift */; };
		69DE047D2C00FB3500649C7A /* pomodoroUITestsLaunchTests.swift in Sources */ = {isa = PBXBuildFile; fileRef = 69DE047C2C00FB3500649C7A /* pomodoroUITestsLaunchTests.swift */; };
/* End PBXBuildFile section */

/* Begin PBXContainerItemProxy section */
		69DE046D2C00FB3500649C7A /* PBXContainerItemProxy */ = {
			isa = PBXContainerItemProxy;
			containerPortal = 69DE04532C00FB3300649C7A /* Project object */;
			proxyType = 1;
			remoteGlobalIDString = 69DE045A2C00FB3300649C7A;
			remoteInfo = pomodoro;
		};
		69DE04772C00FB3500649C7A /* PBXContainerItemProxy */ = {
			isa = PBXContainerItemProxy;
			containerPortal = 69DE04532C00FB3300649C7A /* Project object */;
			proxyType = 1;
			remoteGlobalIDString = 69DE045A2C00FB3300649C7A;
			remoteInfo = pomodoro;
		};
/* End PBXContainerItemProxy section */

/* Begin PBXFileReference section */
		698E95D12C018D9E00E4A905 /* Info.plist */ = {isa = PBXFileReference; lastKnownFileType = text.plist; path = Info.plist; sourceTree = "<group>"; };
		698E95D22C018F0B00E4A905 /* Dosis-Bold.ttf */ = {isa = PBXFileReference; lastKnownFileType = file; path = "Dosis-Bold.ttf"; sourceTree = "<group>"; };
		698E95D52C02E3B900E4A905 /* contentView.swift */ = {isa = PBXFileReference; lastKnownFileType = sourcecode.swift; path = contentView.swift; sourceTree = "<group>"; };
		698E95D72C02E5FA00E4A905 /* titleView.swift */ = {isa = PBXFileReference; lastKnownFileType = sourcecode.swift; path = titleView.swift; sourceTree = "<group>"; };
		698E95DE2C02EA0000E4A905 /* timerView.swift */ = {isa = PBXFileReference; lastKnownFileType = sourcecode.swift; path = timerView.swift; sourceTree = "<group>"; };
		698E95E02C02EA4100E4A905 /* settingsView.swift */ = {isa = PBXFileReference; lastKnownFileType = sourcecode.swift; path = settingsView.swift; sourceTree = "<group>"; };
		698E95E22C02EA7600E4A905 /* Dosis-Light.ttf */ = {isa = PBXFileReference; lastKnownFileType = file; path = "Dosis-Light.ttf"; sourceTree = "<group>"; };
		698E95E52C036F3000E4A905 /* timeInfo.swift */ = {isa = PBXFileReference; lastKnownFileType = sourcecode.swift; path = timeInfo.swift; sourceTree = "<group>"; };
		69DE045B2C00FB3300649C7A /* pomodoro.app */ = {isa = PBXFileReference; explicitFileType = wrapper.application; includeInIndex = 0; path = pomodoro.app; sourceTree = BUILT_PRODUCTS_DIR; };
		69DE045E2C00FB3300649C7A /* pomodoroApp.swift */ = {isa = PBXFileReference; lastKnownFileType = sourcecode.swift; path = pomodoroApp.swift; sourceTree = "<group>"; };
		69DE04622C00FB3500649C7A /* Assets.xcassets */ = {isa = PBXFileReference; lastKnownFileType = folder.assetcatalog; path = Assets.xcassets; sourceTree = "<group>"; };
		69DE04652C00FB3500649C7A /* Preview Assets.xcassets */ = {isa = PBXFileReference; lastKnownFileType = folder.assetcatalog; path = "Preview Assets.xcassets"; sourceTree = "<group>"; };
		69DE04672C00FB3500649C7A /* pomodoro.entitlements */ = {isa = PBXFileReference; lastKnownFileType = text.plist.entitlements; path = pomodoro.entitlements; sourceTree = "<group>"; };
		69DE046C2C00FB3500649C7A /* pomodoroTests.xctest */ = {isa = PBXFileReference; explicitFileType = wrapper.cfbundle; includeInIndex = 0; path = pomodoroTests.xctest; sourceTree = BUILT_PRODUCTS_DIR; };
		69DE04702C00FB3500649C7A /* pomodoroTests.swift */ = {isa = PBXFileReference; lastKnownFileType = sourcecode.swift; path = pomodoroTests.swift; sourceTree = "<group>"; };
		69DE04762C00FB3500649C7A /* pomodoroUITests.xctest */ = {isa = PBXFileReference; explicitFileType = wrapper.cfbundle; includeInIndex = 0; path = pomodoroUITests.xctest; sourceTree = BUILT_PRODUCTS_DIR; };
		69DE047A2C00FB3500649C7A /* pomodoroUITests.swift */ = {isa = PBXFileReference; lastKnownFileType = sourcecode.swift; path = pomodoroUITests.swift; sourceTree = "<group>"; };
		69DE047C2C00FB3500649C7A /* pomodoroUITestsLaunchTests.swift */ = {isa = PBXFileReference; lastKnownFileType = sourcecode.swift; path = pomodoroUITestsLaunchTests.swift; sourceTree = "<group>"; };
/* End PBXFileReference section */

/* Begin PBXFrameworksBuildPhase section */
		69DE04582C00FB3300649C7A /* Frameworks */ = {
			isa = PBXFrameworksBuildPhase;
			buildActionMask = 2147483647;
			files = (
			);
			runOnlyForDeploymentPostprocessing = 0;
		};
		69DE04692C00FB3500649C7A /* Frameworks */ = {
			isa = PBXFrameworksBuildPhase;
			buildActionMask = 2147483647;
			files = (
			);
			runOnlyForDeploymentPostprocessing = 0;
		};
		69DE04732C00FB3500649C7A /* Frameworks */ = {
			isa = PBXFrameworksBuildPhase;
			buildActionMask = 2147483647;
			files = (
			);
			runOnlyForDeploymentPostprocessing = 0;
		};
/* End PBXFrameworksBuildPhase section */

/* Begin PBXGroup section */
		698E95CF2C018B8500E4A905 /* Shared */ = {
			isa = PBXGroup;
			children = (
				698E95D02C018B8C00E4A905 /* fonts */,
			);
			path = Shared;
			sourceTree = "<group>";
		};
		698E95D02C018B8C00E4A905 /* fonts */ = {
			isa = PBXGroup;
			children = (
				698E95E22C02EA7600E4A905 /* Dosis-Light.ttf */,
				698E95D22C018F0B00E4A905 /* Dosis-Bold.ttf */,
			);
			path = fonts;
			sourceTree = "<group>";
		};
		698E95DB2C02E98700E4A905 /* tabViews */ = {
			isa = PBXGroup;
			children = (
				698E95DE2C02EA0000E4A905 /* timerView.swift */,
				698E95E02C02EA4100E4A905 /* settingsView.swift */,
			);
			path = tabViews;
			sourceTree = "<group>";
		};
		69DE04522C00FB3300649C7A = {
			isa = PBXGroup;
			children = (
				698E95CF2C018B8500E4A905 /* Shared */,
				69DE045D2C00FB3300649C7A /* pomodoro */,
				69DE046F2C00FB3500649C7A /* pomodoroTests */,
				69DE04792C00FB3500649C7A /* pomodoroUITests */,
				69DE045C2C00FB3300649C7A /* Products */,
			);
			sourceTree = "<group>";
		};
		69DE045C2C00FB3300649C7A /* Products */ = {
			isa = PBXGroup;
			children = (
				69DE045B2C00FB3300649C7A /* pomodoro.app */,
				69DE046C2C00FB3500649C7A /* pomodoroTests.xctest */,
				69DE04762C00FB3500649C7A /* pomodoroUITests.xctest */,
			);
			name = Products;
			sourceTree = "<group>";
		};
		69DE045D2C00FB3300649C7A /* pomodoro */ = {
			isa = PBXGroup;
			children = (
				698E95DB2C02E98700E4A905 /* tabViews */,
				698E95D12C018D9E00E4A905 /* Info.plist */,
				69DE045E2C00FB3300649C7A /* pomodoroApp.swift */,
				69DE04622C00FB3500649C7A /* Assets.xcassets */,
				69DE04672C00FB3500649C7A /* pomodoro.entitlements */,
				69DE04642C00FB3500649C7A /* Preview Content */,
				698E95D52C02E3B900E4A905 /* contentView.swift */,
				698E95D72C02E5FA00E4A905 /* titleView.swift */,
				698E95E52C036F3000E4A905 /* timeInfo.swift */,
			);
			path = pomodoro;
			sourceTree = "<group>";
		};
		69DE04642C00FB3500649C7A /* Preview Content */ = {
			isa = PBXGroup;
			children = (
				69DE04652C00FB3500649C7A /* Preview Assets.xcassets */,
			);
			path = "Preview Content";
			sourceTree = "<group>";
		};
		69DE046F2C00FB3500649C7A /* pomodoroTests */ = {
			isa = PBXGroup;
			children = (
				69DE04702C00FB3500649C7A /* pomodoroTests.swift */,
			);
			path = pomodoroTests;
			sourceTree = "<group>";
		};
		69DE04792C00FB3500649C7A /* pomodoroUITests */ = {
			isa = PBXGroup;
			children = (
				69DE047A2C00FB3500649C7A /* pomodoroUITests.swift */,
				69DE047C2C00FB3500649C7A /* pomodoroUITestsLaunchTests.swift */,
			);
			path = pomodoroUITests;
			sourceTree = "<group>";
		};
/* End PBXGroup section */

/* Begin PBXNativeTarget section */
		69DE045A2C00FB3300649C7A /* pomodoro */ = {
			isa = PBXNativeTarget;
			buildConfigurationList = 69DE04802C00FB3500649C7A /* Build configuration list for PBXNativeTarget "pomodoro" */;
			buildPhases = (
				69DE04572C00FB3300649C7A /* Sources */,
				69DE04582C00FB3300649C7A /* Frameworks */,
				69DE04592C00FB3300649C7A /* Resources */,
			);
			buildRules = (
			);
			dependencies = (
			);
			name = pomodoro;
			productName = pomodoro;
			productReference = 69DE045B2C00FB3300649C7A /* pomodoro.app */;
			productType = "com.apple.product-type.application";
		};
		69DE046B2C00FB3500649C7A /* pomodoroTests */ = {
			isa = PBXNativeTarget;
			buildConfigurationList = 69DE04832C00FB3500649C7A /* Build configuration list for PBXNativeTarget "pomodoroTests" */;
			buildPhases = (
				69DE04682C00FB3500649C7A /* Sources */,
				69DE04692C00FB3500649C7A /* Frameworks */,
				69DE046A2C00FB3500649C7A /* Resources */,
			);
			buildRules = (
			);
			dependencies = (
				69DE046E2C00FB3500649C7A /* PBXTargetDependency */,
			);
			name = pomodoroTests;
			productName = pomodoroTests;
			productReference = 69DE046C2C00FB3500649C7A /* pomodoroTests.xctest */;
			productType = "com.apple.product-type.bundle.unit-test";
		};
		69DE04752C00FB3500649C7A /* pomodoroUITests */ = {
			isa = PBXNativeTarget;
			buildConfigurationList = 69DE04862C00FB3500649C7A /* Build configuration list for PBXNativeTarget "pomodoroUITests" */;
			buildPhases = (
				69DE04722C00FB3500649C7A /* Sources */,
				69DE04732C00FB3500649C7A /* Frameworks */,
				69DE04742C00FB3500649C7A /* Resources */,
			);
			buildRules = (
			);
			dependencies = (
				69DE04782C00FB3500649C7A /* PBXTargetDependency */,
			);
			name = pomodoroUITests;
			productName = pomodoroUITests;
			productReference = 69DE04762C00FB3500649C7A /* pomodoroUITests.xctest */;
			productType = "com.apple.product-type.bundle.ui-testing";
		};
/* End PBXNativeTarget section */

/* Begin PBXProject section */
		69DE04532C00FB3300649C7A /* Project object */ = {
			isa = PBXProject;
			attributes = {
				BuildIndependentTargetsInParallel = 1;
				LastSwiftUpdateCheck = 1540;
				LastUpgradeCheck = 1540;
				TargetAttributes = {
					69DE045A2C00FB3300649C7A = {
						CreatedOnToolsVersion = 15.4;
					};
					69DE046B2C00FB3500649C7A = {
						CreatedOnToolsVersion = 15.4;
						TestTargetID = 69DE045A2C00FB3300649C7A;
					};
					69DE04752C00FB3500649C7A = {
						CreatedOnToolsVersion = 15.4;
						TestTargetID = 69DE045A2C00FB3300649C7A;
					};
				};
			};
			buildConfigurationList = 69DE04562C00FB3300649C7A /* Build configuration list for PBXProject "pomodoro" */;
			compatibilityVersion = "Xcode 14.0";
			developmentRegion = en;
			hasScannedForEncodings = 0;
			knownRegions = (
				en,
				Base,
			);
			mainGroup = 69DE04522C00FB3300649C7A;
			productRefGroup = 69DE045C2C00FB3300649C7A /* Products */;
			projectDirPath = "";
			projectRoot = "";
			targets = (
				69DE045A2C00FB3300649C7A /* pomodoro */,
				69DE046B2C00FB3500649C7A /* pomodoroTests */,
				69DE04752C00FB3500649C7A /* pomodoroUITests */,
			);
		};
/* End PBXProject section */

/* Begin PBXResourcesBuildPhase section */
		69DE04592C00FB3300649C7A /* Resources */ = {
			isa = PBXResourcesBuildPhase;
			buildActionMask = 2147483647;
			files = (
				69DE04662C00FB3500649C7A /* Preview Assets.xcassets in Resources */,
				69DE04632C00FB3500649C7A /* Assets.xcassets in Resources */,
			);
			runOnlyForDeploymentPostprocessing = 0;
		};
		69DE046A2C00FB3500649C7A /* Resources */ = {
			isa = PBXResourcesBuildPhase;
			buildActionMask = 2147483647;
			files = (
			);
			runOnlyForDeploymentPostprocessing = 0;
		};
		69DE04742C00FB3500649C7A /* Resources */ = {
			isa = PBXResourcesBuildPhase;
			buildActionMask = 2147483647;
			files = (
			);
			runOnlyForDeploymentPostprocessing = 0;
		};
/* End PBXResourcesBuildPhase section */

/* Begin PBXSourcesBuildPhase section */
		69DE04572C00FB3300649C7A /* Sources */ = {
			isa = PBXSourcesBuildPhase;
			buildActionMask = 2147483647;
			files = (
				698E95E12C02EA4100E4A905 /* settingsView.swift in Sources */,
				698E95D62C02E3B900E4A905 /* contentView.swift in Sources */,
				69DE045F2C00FB3300649C7A /* pomodoroApp.swift in Sources */,
				698E95D82C02E5FA00E4A905 /* titleView.swift in Sources */,
				698E95E62C036F3000E4A905 /* timeInfo.swift in Sources */,
				698E95DF2C02EA0000E4A905 /* timerView.swift in Sources */,
			);
			runOnlyForDeploymentPostprocessing = 0;
		};
		69DE04682C00FB3500649C7A /* Sources */ = {
			isa = PBXSourcesBuildPhase;
			buildActionMask = 2147483647;
			files = (
				69DE04712C00FB3500649C7A /* pomodoroTests.swift in Sources */,
			);
			runOnlyForDeploymentPostprocessing = 0;
		};
		69DE04722C00FB3500649C7A /* Sources */ = {
			isa = PBXSourcesBuildPhase;
			buildActionMask = 2147483647;
			files = (
				69DE047D2C00FB3500649C7A /* pomodoroUITestsLaunchTests.swift in Sources */,
				69DE047B2C00FB3500649C7A /* pomodoroUITests.swift in Sources */,
			);
			runOnlyForDeploymentPostprocessing = 0;
		};
/* End PBXSourcesBuildPhase section */

/* Begin PBXTargetDependency section */
		69DE046E2C00FB3500649C7A /* PBXTargetDependency */ = {
			isa = PBXTargetDependency;
			target = 69DE045A2C00FB3300649C7A /* pomodoro */;
			targetProxy = 69DE046D2C00FB3500649C7A /* PBXContainerItemProxy */;
		};
		69DE04782C00FB3500649C7A /* PBXTargetDependency */ = {
			isa = PBXTargetDependency;
			target = 69DE045A2C00FB3300649C7A /* pomodoro */;
			targetProxy = 69DE04772C00FB3500649C7A /* PBXContainerItemProxy */;
		};
/* End PBXTargetDependency section */

/* Begin XCBuildConfiguration section */
		69DE047E2C00FB3500649C7A /* Debug */ = {
			isa = XCBuildConfiguration;
			buildSettings = {
				ALWAYS_SEARCH_USER_PATHS = NO;
				ASSETCATALOG_COMPILER_GENERATE_SWIFT_ASSET_SYMBOL_EXTENSIONS = YES;
				CLANG_ANALYZER_NONNULL = YES;
				CLANG_ANALYZER_NUMBER_OBJECT_CONVERSION = YES_AGGRESSIVE;
				CLANG_CXX_LANGUAGE_STANDARD = "gnu++20";
				CLANG_ENABLE_MODULES = YES;
				CLANG_ENABLE_OBJC_ARC = YES;
				CLANG_ENABLE_OBJC_WEAK = YES;
				CLANG_WARN_BLOCK_CAPTURE_AUTORELEASING = YES;
				CLANG_WARN_BOOL_CONVERSION = YES;
				CLANG_WARN_COMMA = YES;
				CLANG_WARN_CONSTANT_CONVERSION = YES;
				CLANG_WARN_DEPRECATED_OBJC_IMPLEMENTATIONS = YES;
				CLANG_WARN_DIRECT_OBJC_ISA_USAGE = YES_ERROR;
				CLANG_WARN_DOCUMENTATION_COMMENTS = YES;
				CLANG_WARN_EMPTY_BODY = YES;
				CLANG_WARN_ENUM_CONVERSION = YES;
				CLANG_WARN_INFINITE_RECURSION = YES;
				CLANG_WARN_INT_CONVERSION = YES;
				CLANG_WARN_NON_LITERAL_NULL_CONVERSION = YES;
				CLANG_WARN_OBJC_IMPLICIT_RETAIN_SELF = YES;
				CLANG_WARN_OBJC_LITERAL_CONVERSION = YES;
				CLANG_WARN_OBJC_ROOT_CLASS = YES_ERROR;
				CLANG_WARN_QUOTED_INCLUDE_IN_FRAMEWORK_HEADER = YES;
				CLANG_WARN_RANGE_LOOP_ANALYSIS = YES;
				CLANG_WARN_STRICT_PROTOTYPES = YES;
				CLANG_WARN_SUSPICIOUS_MOVE = YES;
				CLANG_WARN_UNGUARDED_AVAILABILITY = YES_AGGRESSIVE;
				CLANG_WARN_UNREACHABLE_CODE = YES;
				CLANG_WARN__DUPLICATE_METHOD_MATCH = YES;
				COPY_PHASE_STRIP = NO;
				DEBUG_INFORMATION_FORMAT = dwarf;
				ENABLE_STRICT_OBJC_MSGSEND = YES;
				ENABLE_TESTABILITY = YES;
				ENABLE_USER_SCRIPT_SANDBOXING = YES;
				GCC_C_LANGUAGE_STANDARD = gnu17;
				GCC_DYNAMIC_NO_PIC = NO;
				GCC_NO_COMMON_BLOCKS = YES;
				GCC_OPTIMIZATION_LEVEL = 0;
				GCC_PREPROCESSOR_DEFINITIONS = (
					"DEBUG=1",
					"$(inherited)",
				);
				GCC_WARN_64_TO_32_BIT_CONVERSION = YES;
				GCC_WARN_ABOUT_RETURN_TYPE = YES_ERROR;
				GCC_WARN_UNDECLARED_SELECTOR = YES;
				GCC_WARN_UNINITIALIZED_AUTOS = YES_AGGRESSIVE;
				GCC_WARN_UNUSED_FUNCTION = YES;
				GCC_WARN_UNUSED_VARIABLE = YES;
				LOCALIZATION_PREFERS_STRING_CATALOGS = YES;
				MACOSX_DEPLOYMENT_TARGET = 14.1;
				MTL_ENABLE_DEBUG_INFO = INCLUDE_SOURCE;
				MTL_FAST_MATH = YES;
				ONLY_ACTIVE_ARCH = YES;
				SDKROOT = macosx;
				SWIFT_ACTIVE_COMPILATION_CONDITIONS = "DEBUG $(inherited)";
				SWIFT_OPTIMIZATION_LEVEL = "-Onone";
			};
			name = Debug;
		};
		69DE047F2C00FB3500649C7A /* Release */ = {
			isa = XCBuildConfiguration;
			buildSettings = {
				ALWAYS_SEARCH_USER_PATHS = NO;
				ASSETCATALOG_COMPILER_GENERATE_SWIFT_ASSET_SYMBOL_EXTENSIONS = YES;
				CLANG_ANALYZER_NONNULL = YES;
				CLANG_ANALYZER_NUMBER_OBJECT_CONVERSION = YES_AGGRESSIVE;
				CLANG_CXX_LANGUAGE_STANDARD = "gnu++20";
				CLANG_ENABLE_MODULES = YES;
				CLANG_ENABLE_OBJC_ARC = YES;
				CLANG_ENABLE_OBJC_WEAK = YES;
				CLANG_WARN_BLOCK_CAPTURE_AUTORELEASING = YES;
				CLANG_WARN_BOOL_CONVERSION = YES;
				CLANG_WARN_COMMA = YES;
				CLANG_WARN_CONSTANT_CONVERSION = YES;
				CLANG_WARN_DEPRECATED_OBJC_IMPLEMENTATIONS = YES;
				CLANG_WARN_DIRECT_OBJC_ISA_USAGE = YES_ERROR;
				CLANG_WARN_DOCUMENTATION_COMMENTS = YES;
				CLANG_WARN_EMPTY_BODY = YES;
				CLANG_WARN_ENUM_CONVERSION = YES;
				CLANG_WARN_INFINITE_RECURSION = YES;
				CLANG_WARN_INT_CONVERSION = YES;
				CLANG_WARN_NON_LITERAL_NULL_CONVERSION = YES;
				CLANG_WARN_OBJC_IMPLICIT_RETAIN_SELF = YES;
				CLANG_WARN_OBJC_LITERAL_CONVERSION = YES;
				CLANG_WARN_OBJC_ROOT_CLASS = YES_ERROR;
				CLANG_WARN_QUOTED_INCLUDE_IN_FRAMEWORK_HEADER = YES;
				CLANG_WARN_RANGE_LOOP_ANALYSIS = YES;
				CLANG_WARN_STRICT_PROTOTYPES = YES;
				CLANG_WARN_SUSPICIOUS_MOVE = YES;
				CLANG_WARN_UNGUARDED_AVAILABILITY = YES_AGGRESSIVE;
				CLANG_WARN_UNREACHABLE_CODE = YES;
				CLANG_WARN__DUPLICATE_METHOD_MATCH = YES;
				COPY_PHASE_STRIP = NO;
				DEBUG_INFORMATION_FORMAT = "dwarf-with-dsym";
				ENABLE_NS_ASSERTIONS = NO;
				ENABLE_STRICT_OBJC_MSGSEND = YES;
				ENABLE_USER_SCRIPT_SANDBOXING = YES;
				GCC_C_LANGUAGE_STANDARD = gnu17;
				GCC_NO_COMMON_BLOCKS = YES;
				GCC_WARN_64_TO_32_BIT_CONVERSION = YES;
				GCC_WARN_ABOUT_RETURN_TYPE = YES_ERROR;
				GCC_WARN_UNDECLARED_SELECTOR = YES;
				GCC_WARN_UNINITIALIZED_AUTOS = YES_AGGRESSIVE;
				GCC_WARN_UNUSED_FUNCTION = YES;
				GCC_WARN_UNUSED_VARIABLE = YES;
				LOCALIZATION_PREFERS_STRING_CATALOGS = YES;
				MACOSX_DEPLOYMENT_TARGET = 14.1;
				MTL_ENABLE_DEBUG_INFO = NO;
				MTL_FAST_MATH = YES;
				SDKROOT = macosx;
				SWIFT_COMPILATION_MODE = wholemodule;
			};
			name = Release;
		};
		69DE04812C00FB3500649C7A /* Debug */ = {
			isa = XCBuildConfiguration;
			buildSettings = {
				ASSETCATALOG_COMPILER_APPICON_NAME = AppIcon;
				ASSETCATALOG_COMPILER_GLOBAL_ACCENT_COLOR_NAME = AccentColor;
				CODE_SIGN_ENTITLEMENTS = pomodoro/pomodoro.entitlements;
				CODE_SIGN_STYLE = Automatic;
				COMBINE_HIDPI_IMAGES = YES;
				CURRENT_PROJECT_VERSION = 1;
				DEVELOPMENT_ASSET_PATHS = "\"pomodoro/Preview Content\"";
				DEVELOPMENT_TEAM = 2H5SZ676JP;
				ENABLE_HARDENED_RUNTIME = YES;
				ENABLE_PREVIEWS = YES;
				GENERATE_INFOPLIST_FILE = YES;
				INFOPLIST_FILE = pomodoro/Info.plist;
				INFOPLIST_KEY_LSApplicationCategoryType = "";
				INFOPLIST_KEY_NSHumanReadableCopyright = "";
				LD_RUNPATH_SEARCH_PATHS = (
					"$(inherited)",
					"@executable_path/../Frameworks",
				);
				MARKETING_VERSION = 1.0;
				PRODUCT_BUNDLE_IDENTIFIER = com.michael.pomodoro;
				PRODUCT_NAME = "$(TARGET_NAME)";
				SWIFT_EMIT_LOC_STRINGS = YES;
				SWIFT_VERSION = 5.0;
			};
			name = Debug;
		};
		69DE04822C00FB3500649C7A /* Release */ = {
			isa = XCBuildConfiguration;
			buildSettings = {
				ASSETCATALOG_COMPILER_APPICON_NAME = AppIcon;
				ASSETCATALOG_COMPILER_GLOBAL_ACCENT_COLOR_NAME = AccentColor;
				CODE_SIGN_ENTITLEMENTS = pomodoro/pomodoro.entitlements;
				CODE_SIGN_STYLE = Automatic;
				COMBINE_HIDPI_IMAGES = YES;
				CURRENT_PROJECT_VERSION = 1;
				DEVELOPMENT_ASSET_PATHS = "\"pomodoro/Preview Content\"";
				DEVELOPMENT_TEAM = 2H5SZ676JP;
				ENABLE_HARDENED_RUNTIME = YES;
				ENABLE_PREVIEWS = YES;
				GENERATE_INFOPLIST_FILE = YES;
				INFOPLIST_FILE = pomodoro/Info.plist;
				INFOPLIST_KEY_LSApplicationCategoryType = "";
				INFOPLIST_KEY_NSHumanReadableCopyright = "";
				LD_RUNPATH_SEARCH_PATHS = (
					"$(inherited)",
					"@executable_path/../Frameworks",
				);
				MARKETING_VERSION = 1.0;
				PRODUCT_BUNDLE_IDENTIFIER = com.michael.pomodoro;
				PRODUCT_NAME = "$(TARGET_NAME)";
				SWIFT_EMIT_LOC_STRINGS = YES;
				SWIFT_VERSION = 5.0;
			};
			name = Release;
		};
		69DE04842C00FB3500649C7A /* Debug */ = {
			isa = XCBuildConfiguration;
			buildSettings = {
				ALWAYS_EMBED_SWIFT_STANDARD_LIBRARIES = YES;
				BUNDLE_LOADER = "$(TEST_HOST)";
				CODE_SIGN_STYLE = Automatic;
				CURRENT_PROJECT_VERSION = 1;
				DEVELOPMENT_TEAM = 2H5SZ676JP;
				GENERATE_INFOPLIST_FILE = YES;
				MACOSX_DEPLOYMENT_TARGET = 14.1;
				MARKETING_VERSION = 1.0;
				PRODUCT_BUNDLE_IDENTIFIER = com.michael.pomodoroTests;
				PRODUCT_NAME = "$(TARGET_NAME)";
				SWIFT_EMIT_LOC_STRINGS = NO;
				SWIFT_VERSION = 5.0;
				TEST_HOST = "$(BUILT_PRODUCTS_DIR)/pomodoro.app/$(BUNDLE_EXECUTABLE_FOLDER_PATH)/pomodoro";
			};
			name = Debug;
		};
		69DE04852C00FB3500649C7A /* Release */ = {
			isa = XCBuildConfiguration;
			buildSettings = {
				ALWAYS_EMBED_SWIFT_STANDARD_LIBRARIES = YES;
				BUNDLE_LOADER = "$(TEST_HOST)";
				CODE_SIGN_STYLE = Automatic;
				CURRENT_PROJECT_VERSION = 1;
				DEVELOPMENT_TEAM = 2H5SZ676JP;
				GENERATE_INFOPLIST_FILE = YES;
				MACOSX_DEPLOYMENT_TARGET = 14.1;
				MARKETING_VERSION = 1.0;
				PRODUCT_BUNDLE_IDENTIFIER = com.michael.pomodoroTests;
				PRODUCT_NAME = "$(TARGET_NAME)";
				SWIFT_EMIT_LOC_STRINGS = NO;
				SWIFT_VERSION = 5.0;
				TEST_HOST = "$(BUILT_PRODUCTS_DIR)/pomodoro.app/$(BUNDLE_EXECUTABLE_FOLDER_PATH)/pomodoro";
			};
			name = Release;
		};
		69DE04872C00FB3500649C7A /* Debug */ = {
			isa = XCBuildConfiguration;
			buildSettings = {
				ALWAYS_EMBED_SWIFT_STANDARD_LIBRARIES = YES;
				CODE_SIGN_STYLE = Automatic;
				CURRENT_PROJECT_VERSION = 1;
				DEVELOPMENT_TEAM = 2H5SZ676JP;
				GENERATE_INFOPLIST_FILE = YES;
				MARKETING_VERSION = 1.0;
				PRODUCT_BUNDLE_IDENTIFIER = com.michael.pomodoroUITests;
				PRODUCT_NAME = "$(TARGET_NAME)";
				SWIFT_EMIT_LOC_STRINGS = NO;
				SWIFT_VERSION = 5.0;
				TEST_TARGET_NAME = pomodoro;
			};
			name = Debug;
		};
		69DE04882C00FB3500649C7A /* Release */ = {
			isa = XCBuildConfiguration;
			buildSettings = {
				ALWAYS_EMBED_SWIFT_STANDARD_LIBRARIES = YES;
				CODE_SIGN_STYLE = Automatic;
				CURRENT_PROJECT_VERSION = 1;
				DEVELOPMENT_TEAM = 2H5SZ676JP;
				GENERATE_INFOPLIST_FILE = YES;
				MARKETING_VERSION = 1.0;
				PRODUCT_BUNDLE_IDENTIFIER = com.michael.pomodoroUITests;
				PRODUCT_NAME = "$(TARGET_NAME)";
				SWIFT_EMIT_LOC_STRINGS = NO;
				SWIFT_VERSION = 5.0;
				TEST_TARGET_NAME = pomodoro;
			};
			name = Release;
		};
/* End XCBuildConfiguration section */

/* Begin XCConfigurationList section */
		69DE04562C00FB3300649C7A /* Build configuration list for PBXProject "pomodoro" */ = {
			isa = XCConfigurationList;
			buildConfigurations = (
				69DE047E2C00FB3500649C7A /* Debug */,
				69DE047F2C00FB3500649C7A /* Release */,
			);
			defaultConfigurationIsVisible = 0;
			defaultConfigurationName = Release;
		};
		69DE04802C00FB3500649C7A /* Build configuration list for PBXNativeTarget "pomodoro" */ = {
			isa = XCConfigurationList;
			buildConfigurations = (
				69DE04812C00FB3500649C7A /* Debug */,
				69DE04822C00FB3500649C7A /* Release */,
			);
			defaultConfigurationIsVisible = 0;
			defaultConfigurationName = Release;
		};
		69DE04832C00FB3500649C7A /* Build configuration list for PBXNativeTarget "pomodoroTests" */ = {
			isa = XCConfigurationList;
			buildConfigurations = (
				69DE04842C00FB3500649C7A /* Debug */,
				69DE04852C00FB3500649C7A /* Release */,
			);
			defaultConfigurationIsVisible = 0;
			defaultConfigurationName = Release;
		};
		69DE04862C00FB3500649C7A /* Build configuration list for PBXNativeTarget "pomodoroUITests" */ = {
			isa = XCConfigurationList;
			buildConfigurations = (
				69DE04872C00FB3500649C7A /* Debug */,
				69DE04882C00FB3500649C7A /* Release */,
			);
			defaultConfigurationIsVisible = 0;
			defaultConfigurationName = Release;
		};
/* End XCConfigurationList section */
	};
	rootObject = 69DE04532C00FB3300649C7A /* Project object */;
}
